// !$*UTF8*$!
{
	archiveVersion = 1;
	classes = {
	};
	objectVersion = 46;
	objects = {

/* Begin PBXBuildFile section */
		0704B4CF1B0C21B500A37B2D /* TwitterClient.swift in Sources */ = {isa = PBXBuildFile; fileRef = 0704B4CE1B0C21B500A37B2D /* TwitterClient.swift */; };
		0704B4D11B0C220C00A37B2D /* HomeViewController.swift in Sources */ = {isa = PBXBuildFile; fileRef = 0704B4D01B0C220C00A37B2D /* HomeViewController.swift */; };
		0723B9791B1C22B2000726E8 /* AccountsManager.swift in Sources */ = {isa = PBXBuildFile; fileRef = 0723B9781B1C22B2000726E8 /* AccountsManager.swift */; };
		0723B97B1B1C26FE000726E8 /* AccountsViewController.swift in Sources */ = {isa = PBXBuildFile; fileRef = 0723B97A1B1C26FE000726E8 /* AccountsViewController.swift */; };
		0723B97D1B1C292C000726E8 /* AccountCell.swift in Sources */ = {isa = PBXBuildFile; fileRef = 0723B97C1B1C292C000726E8 /* AccountCell.swift */; };
		0723B9811B1C3A80000726E8 /* AddAccountCell.xib in Resources */ = {isa = PBXBuildFile; fileRef = 0723B9801B1C3A80000726E8 /* AddAccountCell.xib */; };
		0723B9831B1C3BC7000726E8 /* AddAccountCell.swift in Sources */ = {isa = PBXBuildFile; fileRef = 0723B9821B1C3BC7000726E8 /* AddAccountCell.swift */; };
		074B8CF81B0C1FD600846338 /* AppDelegate.swift in Sources */ = {isa = PBXBuildFile; fileRef = 074B8CF71B0C1FD600846338 /* AppDelegate.swift */; };
		074B8CFD1B0C1FD600846338 /* Main.storyboard in Resources */ = {isa = PBXBuildFile; fileRef = 074B8CFB1B0C1FD600846338 /* Main.storyboard */; };
		074B8CFF1B0C1FD600846338 /* Images.xcassets in Resources */ = {isa = PBXBuildFile; fileRef = 074B8CFE1B0C1FD600846338 /* Images.xcassets */; };
		074B8D021B0C1FD600846338 /* LaunchScreen.xib in Resources */ = {isa = PBXBuildFile; fileRef = 074B8D001B0C1FD600846338 /* LaunchScreen.xib */; };
		074B8D0E1B0C1FD600846338 /* TwitterTests.swift in Sources */ = {isa = PBXBuildFile; fileRef = 074B8D0D1B0C1FD600846338 /* TwitterTests.swift */; };
		075E8F871B0EA86400F1205A /* Podfile in Resources */ = {isa = PBXBuildFile; fileRef = 075E8F861B0EA86400F1205A /* Podfile */; };
		076F3D431B0E5C9C008C99E2 /* TweetsViewController.swift in Sources */ = {isa = PBXBuildFile; fileRef = 076F3D421B0E5C9C008C99E2 /* TweetsViewController.swift */; };
		076F3D451B0E8495008C99E2 /* TweetCell.swift in Sources */ = {isa = PBXBuildFile; fileRef = 076F3D441B0E8495008C99E2 /* TweetCell.swift */; };
		07C7246E1B0FD6A900ED875B /* TweetComposeViewController.swift in Sources */ = {isa = PBXBuildFile; fileRef = 07C7246D1B0FD6A900ED875B /* TweetComposeViewController.swift */; };
		07DBE6CC1B0D58FF00D697F9 /* User.swift in Sources */ = {isa = PBXBuildFile; fileRef = 07DBE6CB1B0D58FF00D697F9 /* User.swift */; };
		07DBE6D01B0D595900D697F9 /* Tweet.swift in Sources */ = {isa = PBXBuildFile; fileRef = 07DBE6CF1B0D595900D697F9 /* Tweet.swift */; };
		07E5BCE21B19834300A2922E /* MenuViewController.swift in Sources */ = {isa = PBXBuildFile; fileRef = 07E5BCE11B19834300A2922E /* MenuViewController.swift */; };
		07E5BCE41B1A6DBC00A2922E /* MentionsViewController.swift in Sources */ = {isa = PBXBuildFile; fileRef = 07E5BCE31B1A6DBC00A2922E /* MentionsViewController.swift */; };
		07E5BCE61B1A8C3D00A2922E /* ProfileViewController.swift in Sources */ = {isa = PBXBuildFile; fileRef = 07E5BCE51B1A8C3D00A2922E /* ProfileViewController.swift */; };
		4F1D05130D6D96B78E053284 /* libPods-Twitter.a in Frameworks */ = {isa = PBXBuildFile; fileRef = 6ED747566E2427DFC1DD0B9C /* libPods-Twitter.a */; };
/* End PBXBuildFile section */

/* Begin PBXContainerItemProxy section */
		074B8D081B0C1FD600846338 /* PBXContainerItemProxy */ = {
			isa = PBXContainerItemProxy;
			containerPortal = 074B8CEA1B0C1FD600846338 /* Project object */;
			proxyType = 1;
			remoteGlobalIDString = 074B8CF11B0C1FD600846338;
			remoteInfo = Twitter;
		};
/* End PBXContainerItemProxy section */

/* Begin PBXFileReference section */
		0704B4CA1B0C20FD00A37B2D /* Twitter-Bridging-Header.h */ = {isa = PBXFileReference; lastKnownFileType = sourcecode.c.h; path = "Twitter-Bridging-Header.h"; sourceTree = "<group>"; };
		0704B4CE1B0C21B500A37B2D /* TwitterClient.swift */ = {isa = PBXFileReference; fileEncoding = 4; lastKnownFileType = sourcecode.swift; path = TwitterClient.swift; sourceTree = "<group>"; };
		0704B4D01B0C220C00A37B2D /* HomeViewController.swift */ = {isa = PBXFileReference; fileEncoding = 4; lastKnownFileType = sourcecode.swift; path = HomeViewController.swift; sourceTree = "<group>"; };
		0723B9781B1C22B2000726E8 /* AccountsManager.swift */ = {isa = PBXFileReference; fileEncoding = 4; lastKnownFileType = sourcecode.swift; path = AccountsManager.swift; sourceTree = "<group>"; };
		0723B97A1B1C26FE000726E8 /* AccountsViewController.swift */ = {isa = PBXFileReference; fileEncoding = 4; lastKnownFileType = sourcecode.swift; path = AccountsViewController.swift; sourceTree = "<group>"; };
		0723B97C1B1C292C000726E8 /* AccountCell.swift */ = {isa = PBXFileReference; fileEncoding = 4; lastKnownFileType = sourcecode.swift; path = AccountCell.swift; sourceTree = "<group>"; };
		0723B9801B1C3A80000726E8 /* AddAccountCell.xib */ = {isa = PBXFileReference; fileEncoding = 4; lastKnownFileType = file.xib; path = AddAccountCell.xib; sourceTree = "<group>"; };
		0723B9821B1C3BC7000726E8 /* AddAccountCell.swift */ = {isa = PBXFileReference; fileEncoding = 4; lastKnownFileType = sourcecode.swift; path = AddAccountCell.swift; sourceTree = "<group>"; };
		074B8CF21B0C1FD600846338 /* Twitter.app */ = {isa = PBXFileReference; explicitFileType = wrapper.application; includeInIndex = 0; path = Twitter.app; sourceTree = BUILT_PRODUCTS_DIR; };
		074B8CF61B0C1FD600846338 /* Info.plist */ = {isa = PBXFileReference; lastKnownFileType = text.plist.xml; path = Info.plist; sourceTree = "<group>"; };
		074B8CF71B0C1FD600846338 /* AppDelegate.swift */ = {isa = PBXFileReference; lastKnownFileType = sourcecode.swift; path = AppDelegate.swift; sourceTree = "<group>"; };
		074B8CFC1B0C1FD600846338 /* Base */ = {isa = PBXFileReference; lastKnownFileType = file.storyboard; name = Base; path = Base.lproj/Main.storyboard; sourceTree = "<group>"; };
		074B8CFE1B0C1FD600846338 /* Images.xcassets */ = {isa = PBXFileReference; lastKnownFileType = folder.assetcatalog; path = Images.xcassets; sourceTree = "<group>"; };
		074B8D011B0C1FD600846338 /* Base */ = {isa = PBXFileReference; lastKnownFileType = file.xib; name = Base; path = Base.lproj/LaunchScreen.xib; sourceTree = "<group>"; };
		074B8D071B0C1FD600846338 /* TwitterTests.xctest */ = {isa = PBXFileReference; explicitFileType = wrapper.cfbundle; includeInIndex = 0; path = TwitterTests.xctest; sourceTree = BUILT_PRODUCTS_DIR; };
		074B8D0C1B0C1FD600846338 /* Info.plist */ = {isa = PBXFileReference; lastKnownFileType = text.plist.xml; path = Info.plist; sourceTree = "<group>"; };
		074B8D0D1B0C1FD600846338 /* TwitterTests.swift */ = {isa = PBXFileReference; lastKnownFileType = sourcecode.swift; path = TwitterTests.swift; sourceTree = "<group>"; };
		075E8F861B0EA86400F1205A /* Podfile */ = {isa = PBXFileReference; fileEncoding = 4; lastKnownFileType = text; path = Podfile; sourceTree = "<group>"; };
		076F3D421B0E5C9C008C99E2 /* TweetsViewController.swift */ = {isa = PBXFileReference; fileEncoding = 4; lastKnownFileType = sourcecode.swift; name = TweetsViewController.swift; path = ../TweetsViewController.swift; sourceTree = "<group>"; };
		076F3D441B0E8495008C99E2 /* TweetCell.swift */ = {isa = PBXFileReference; fileEncoding = 4; lastKnownFileType = sourcecode.swift; path = TweetCell.swift; sourceTree = "<group>"; };
		07C7246D1B0FD6A900ED875B /* TweetComposeViewController.swift */ = {isa = PBXFileReference; fileEncoding = 4; lastKnownFileType = sourcecode.swift; path = TweetComposeViewController.swift; sourceTree = "<group>"; };
		07DBE6CB1B0D58FF00D697F9 /* User.swift */ = {isa = PBXFileReference; fileEncoding = 4; lastKnownFileType = sourcecode.swift; path = User.swift; sourceTree = "<group>"; };
		07DBE6CF1B0D595900D697F9 /* Tweet.swift */ = {isa = PBXFileReference; fileEncoding = 4; lastKnownFileType = sourcecode.swift; path = Tweet.swift; sourceTree = "<group>"; };
		07E5BCE11B19834300A2922E /* MenuViewController.swift */ = {isa = PBXFileReference; fileEncoding = 4; lastKnownFileType = sourcecode.swift; path = MenuViewController.swift; sourceTree = "<group>"; };
		07E5BCE31B1A6DBC00A2922E /* MentionsViewController.swift */ = {isa = PBXFileReference; fileEncoding = 4; lastKnownFileType = sourcecode.swift; path = MentionsViewController.swift; sourceTree = "<group>"; };
		07E5BCE51B1A8C3D00A2922E /* ProfileViewController.swift */ = {isa = PBXFileReference; fileEncoding = 4; lastKnownFileType = sourcecode.swift; path = ProfileViewController.swift; sourceTree = "<group>"; };
		56F8B5FC770ACEB8308A27B2 /* Pods-Twitter.debug.xcconfig */ = {isa = PBXFileReference; includeInIndex = 1; lastKnownFileType = text.xcconfig; name = "Pods-Twitter.debug.xcconfig"; path = "Pods/Target Support Files/Pods-Twitter/Pods-Twitter.debug.xcconfig"; sourceTree = "<group>"; };
		6ED747566E2427DFC1DD0B9C /* libPods-Twitter.a */ = {isa = PBXFileReference; explicitFileType = archive.ar; includeInIndex = 0; path = "libPods-Twitter.a"; sourceTree = BUILT_PRODUCTS_DIR; };
		F36FBEE0AF494E1FB558F677 /* Pods-Twitter.release.xcconfig */ = {isa = PBXFileReference; includeInIndex = 1; lastKnownFileType = text.xcconfig; name = "Pods-Twitter.release.xcconfig"; path = "Pods/Target Support Files/Pods-Twitter/Pods-Twitter.release.xcconfig"; sourceTree = "<group>"; };
/* End PBXFileReference section */

/* Begin PBXFrameworksBuildPhase section */
		074B8CEF1B0C1FD600846338 /* Frameworks */ = {
			isa = PBXFrameworksBuildPhase;
			buildActionMask = 2147483647;
			files = (
				4F1D05130D6D96B78E053284 /* libPods-Twitter.a in Frameworks */,
			);
			runOnlyForDeploymentPostprocessing = 0;
		};
		074B8D041B0C1FD600846338 /* Frameworks */ = {
			isa = PBXFrameworksBuildPhase;
			buildActionMask = 2147483647;
			files = (
			);
			runOnlyForDeploymentPostprocessing = 0;
		};
/* End PBXFrameworksBuildPhase section */

/* Begin PBXGroup section */
		0704B4CD1B0C214E00A37B2D /* API */ = {
			isa = PBXGroup;
			children = (
				0704B4CE1B0C21B500A37B2D /* TwitterClient.swift */,
			);
			name = API;
			sourceTree = "<group>";
		};
		074B8CE91B0C1FD600846338 = {
			isa = PBXGroup;
			children = (
				075E8F861B0EA86400F1205A /* Podfile */,
				074B8CF41B0C1FD600846338 /* Twitter */,
				074B8D0A1B0C1FD600846338 /* TwitterTests */,
				074B8CF31B0C1FD600846338 /* Products */,
				EDDCC6AEA0FDA16A7D54E90F /* Pods */,
				8CA46B484E71161200BD8AE5 /* Frameworks */,
			);
			sourceTree = "<group>";
		};
		074B8CF31B0C1FD600846338 /* Products */ = {
			isa = PBXGroup;
			children = (
				074B8CF21B0C1FD600846338 /* Twitter.app */,
				074B8D071B0C1FD600846338 /* TwitterTests.xctest */,
			);
			name = Products;
			sourceTree = "<group>";
		};
		074B8CF41B0C1FD600846338 /* Twitter */ = {
			isa = PBXGroup;
			children = (
				074B8CF71B0C1FD600846338 /* AppDelegate.swift */,
				0704B4CD1B0C214E00A37B2D /* API */,
				07DBE6CA1B0D58DF00D697F9 /* Models */,
				07C7246B1B0FD62F00ED875B /* Views */,
				07C7246C1B0FD64100ED875B /* ViewControllers */,
				074B8CFB1B0C1FD600846338 /* Main.storyboard */,
				074B8CFE1B0C1FD600846338 /* Images.xcassets */,
				074B8D001B0C1FD600846338 /* LaunchScreen.xib */,
				074B8CF51B0C1FD600846338 /* Supporting Files */,
				0704B4CA1B0C20FD00A37B2D /* Twitter-Bridging-Header.h */,
			);
			path = Twitter;
			sourceTree = "<group>";
		};
		074B8CF51B0C1FD600846338 /* Supporting Files */ = {
			isa = PBXGroup;
			children = (
				074B8CF61B0C1FD600846338 /* Info.plist */,
			);
			name = "Supporting Files";
			sourceTree = "<group>";
		};
		074B8D0A1B0C1FD600846338 /* TwitterTests */ = {
			isa = PBXGroup;
			children = (
				074B8D0D1B0C1FD600846338 /* TwitterTests.swift */,
				074B8D0B1B0C1FD600846338 /* Supporting Files */,
			);
			path = TwitterTests;
			sourceTree = "<group>";
		};
		074B8D0B1B0C1FD600846338 /* Supporting Files */ = {
			isa = PBXGroup;
			children = (
				074B8D0C1B0C1FD600846338 /* Info.plist */,
			);
			name = "Supporting Files";
			sourceTree = "<group>";
		};
		07C7246B1B0FD62F00ED875B /* Views */ = {
			isa = PBXGroup;
			children = (
				0723B97C1B1C292C000726E8 /* AccountCell.swift */,
				0723B9821B1C3BC7000726E8 /* AddAccountCell.swift */,
				0723B9801B1C3A80000726E8 /* AddAccountCell.xib */,
				076F3D441B0E8495008C99E2 /* TweetCell.swift */,
			);
			name = Views;
			sourceTree = "<group>";
		};
		07C7246C1B0FD64100ED875B /* ViewControllers */ = {
			isa = PBXGroup;
			children = (
				0723B97A1B1C26FE000726E8 /* AccountsViewController.swift */,
				0704B4D01B0C220C00A37B2D /* HomeViewController.swift */,
				07E5BCE31B1A6DBC00A2922E /* MentionsViewController.swift */,
				07E5BCE11B19834300A2922E /* MenuViewController.swift */,
				07E5BCE51B1A8C3D00A2922E /* ProfileViewController.swift */,
				07C7246D1B0FD6A900ED875B /* TweetComposeViewController.swift */,
				076F3D421B0E5C9C008C99E2 /* TweetsViewController.swift */,
			);
			name = ViewControllers;
			sourceTree = "<group>";
		};
		07DBE6CA1B0D58DF00D697F9 /* Models */ = {
			isa = PBXGroup;
			children = (
				0723B9781B1C22B2000726E8 /* AccountsManager.swift */,
				07DBE6CF1B0D595900D697F9 /* Tweet.swift */,
				07DBE6CB1B0D58FF00D697F9 /* User.swift */,
			);
			name = Models;
			sourceTree = "<group>";
		};
		8CA46B484E71161200BD8AE5 /* Frameworks */ = {
			isa = PBXGroup;
			children = (
				6ED747566E2427DFC1DD0B9C /* libPods-Twitter.a */,
			);
			name = Frameworks;
			sourceTree = "<group>";
		};
		EDDCC6AEA0FDA16A7D54E90F /* Pods */ = {
			isa = PBXGroup;
			children = (
				56F8B5FC770ACEB8308A27B2 /* Pods-Twitter.debug.xcconfig */,
				F36FBEE0AF494E1FB558F677 /* Pods-Twitter.release.xcconfig */,
			);
			name = Pods;
			sourceTree = "<group>";
		};
/* End PBXGroup section */

/* Begin PBXNativeTarget section */
		074B8CF11B0C1FD600846338 /* Twitter */ = {
			isa = PBXNativeTarget;
			buildConfigurationList = 074B8D111B0C1FD600846338 /* Build configuration list for PBXNativeTarget "Twitter" */;
			buildPhases = (
				1675E52107291180D97FAADC /* Check Pods Manifest.lock */,
				074B8CEE1B0C1FD600846338 /* Sources */,
				074B8CEF1B0C1FD600846338 /* Frameworks */,
				074B8CF01B0C1FD600846338 /* Resources */,
				A0B5B944DC8B23CB64499D9E /* Copy Pods Resources */,
			);
			buildRules = (
			);
			dependencies = (
			);
			name = Twitter;
			productName = Twitter;
			productReference = 074B8CF21B0C1FD600846338 /* Twitter.app */;
			productType = "com.apple.product-type.application";
		};
		074B8D061B0C1FD600846338 /* TwitterTests */ = {
			isa = PBXNativeTarget;
			buildConfigurationList = 074B8D141B0C1FD600846338 /* Build configuration list for PBXNativeTarget "TwitterTests" */;
			buildPhases = (
				074B8D031B0C1FD600846338 /* Sources */,
				074B8D041B0C1FD600846338 /* Frameworks */,
				074B8D051B0C1FD600846338 /* Resources */,
			);
			buildRules = (
			);
			dependencies = (
				074B8D091B0C1FD600846338 /* PBXTargetDependency */,
			);
			name = TwitterTests;
			productName = TwitterTests;
			productReference = 074B8D071B0C1FD600846338 /* TwitterTests.xctest */;
			productType = "com.apple.product-type.bundle.unit-test";
		};
/* End PBXNativeTarget section */

/* Begin PBXProject section */
		074B8CEA1B0C1FD600846338 /* Project object */ = {
			isa = PBXProject;
			attributes = {
				LastUpgradeCheck = 0630;
				ORGANIZATIONNAME = 5TECH;
				TargetAttributes = {
					074B8CF11B0C1FD600846338 = {
						CreatedOnToolsVersion = 6.3.1;
					};
					074B8D061B0C1FD600846338 = {
						CreatedOnToolsVersion = 6.3.1;
						TestTargetID = 074B8CF11B0C1FD600846338;
					};
				};
			};
			buildConfigurationList = 074B8CED1B0C1FD600846338 /* Build configuration list for PBXProject "Twitter" */;
			compatibilityVersion = "Xcode 3.2";
			developmentRegion = English;
			hasScannedForEncodings = 0;
			knownRegions = (
				en,
				Base,
			);
			mainGroup = 074B8CE91B0C1FD600846338;
			productRefGroup = 074B8CF31B0C1FD600846338 /* Products */;
			projectDirPath = "";
			projectRoot = "";
			targets = (
				074B8CF11B0C1FD600846338 /* Twitter */,
				074B8D061B0C1FD600846338 /* TwitterTests */,
			);
		};
/* End PBXProject section */

/* Begin PBXResourcesBuildPhase section */
		074B8CF01B0C1FD600846338 /* Resources */ = {
			isa = PBXResourcesBuildPhase;
			buildActionMask = 2147483647;
			files = (
				0723B9811B1C3A80000726E8 /* AddAccountCell.xib in Resources */,
				074B8CFD1B0C1FD600846338 /* Main.storyboard in Resources */,
				074B8D021B0C1FD600846338 /* LaunchScreen.xib in Resources */,
				075E8F871B0EA86400F1205A /* Podfile in Resources */,
				074B8CFF1B0C1FD600846338 /* Images.xcassets in Resources */,
			);
			runOnlyForDeploymentPostprocessing = 0;
		};
		074B8D051B0C1FD600846338 /* Resources */ = {
			isa = PBXResourcesBuildPhase;
			buildActionMask = 2147483647;
			files = (
			);
			runOnlyForDeploymentPostprocessing = 0;
		};
/* End PBXResourcesBuildPhase section */

/* Begin PBXShellScriptBuildPhase section */
		1675E52107291180D97FAADC /* Check Pods Manifest.lock */ = {
			isa = PBXShellScriptBuildPhase;
			buildActionMask = 2147483647;
			files = (
			);
			inputPaths = (
			);
			name = "Check Pods Manifest.lock";
			outputPaths = (
			);
			runOnlyForDeploymentPostprocessing = 0;
			shellPath = /bin/sh;
			shellScript = "diff \"${PODS_ROOT}/../Podfile.lock\" \"${PODS_ROOT}/Manifest.lock\" > /dev/null\nif [[ $? != 0 ]] ; then\n    cat << EOM\nerror: The sandbox is not in sync with the Podfile.lock. Run 'pod install' or update your CocoaPods installation.\nEOM\n    exit 1\nfi\n";
			showEnvVarsInLog = 0;
		};
		A0B5B944DC8B23CB64499D9E /* Copy Pods Resources */ = {
			isa = PBXShellScriptBuildPhase;
			buildActionMask = 2147483647;
			files = (
			);
			inputPaths = (
			);
			name = "Copy Pods Resources";
			outputPaths = (
			);
			runOnlyForDeploymentPostprocessing = 0;
			shellPath = /bin/sh;
			shellScript = "\"${SRCROOT}/Pods/Target Support Files/Pods-Twitter/Pods-Twitter-resources.sh\"\n";
			showEnvVarsInLog = 0;
		};
/* End PBXShellScriptBuildPhase section */

/* Begin PBXSourcesBuildPhase section */
		074B8CEE1B0C1FD600846338 /* Sources */ = {
			isa = PBXSourcesBuildPhase;
			buildActionMask = 2147483647;
			files = (
				07DBE6CC1B0D58FF00D697F9 /* User.swift in Sources */,
				076F3D451B0E8495008C99E2 /* TweetCell.swift in Sources */,
				07C7246E1B0FD6A900ED875B /* TweetComposeViewController.swift in Sources */,
				07E5BCE41B1A6DBC00A2922E /* MentionsViewController.swift in Sources */,
				07DBE6D01B0D595900D697F9 /* Tweet.swift in Sources */,
				0723B97D1B1C292C000726E8 /* AccountCell.swift in Sources */,
				07E5BCE21B19834300A2922E /* MenuViewController.swift in Sources */,
				07E5BCE61B1A8C3D00A2922E /* ProfileViewController.swift in Sources */,
				0723B9791B1C22B2000726E8 /* AccountsManager.swift in Sources */,
				0723B97B1B1C26FE000726E8 /* AccountsViewController.swift in Sources */,
				0723B9831B1C3BC7000726E8 /* AddAccountCell.swift in Sources */,
				076F3D431B0E5C9C008C99E2 /* TweetsViewController.swift in Sources */,
				0704B4CF1B0C21B500A37B2D /* TwitterClient.swift in Sources */,
				074B8CF81B0C1FD600846338 /* AppDelegate.swift in Sources */,
				0704B4D11B0C220C00A37B2D /* HomeViewController.swift in Sources */,
			);
			runOnlyForDeploymentPostprocessing = 0;
		};
		074B8D031B0C1FD600846338 /* Sources */ = {
			isa = PBXSourcesBuildPhase;
			buildActionMask = 2147483647;
			files = (
				074B8D0E1B0C1FD600846338 /* TwitterTests.swift in Sources */,
			);
			runOnlyForDeploymentPostprocessing = 0;
		};
/* End PBXSourcesBuildPhase section */

/* Begin PBXTargetDependency section */
		074B8D091B0C1FD600846338 /* PBXTargetDependency */ = {
			isa = PBXTargetDependency;
			target = 074B8CF11B0C1FD600846338 /* Twitter */;
			targetProxy = 074B8D081B0C1FD600846338 /* PBXContainerItemProxy */;
		};
/* End PBXTargetDependency section */

/* Begin PBXVariantGroup section */
		074B8CFB1B0C1FD600846338 /* Main.storyboard */ = {
			isa = PBXVariantGroup;
			children = (
				074B8CFC1B0C1FD600846338 /* Base */,
			);
			name = Main.storyboard;
			sourceTree = "<group>";
		};
		074B8D001B0C1FD600846338 /* LaunchScreen.xib */ = {
			isa = PBXVariantGroup;
			children = (
				074B8D011B0C1FD600846338 /* Base */,
			);
			name = LaunchScreen.xib;
			sourceTree = "<group>";
		};
/* End PBXVariantGroup section */

/* Begin XCBuildConfiguration section */
		074B8D0F1B0C1FD600846338 /* Debug */ = {
			isa = XCBuildConfiguration;
			buildSettings = {
				ALWAYS_SEARCH_USER_PATHS = NO;
				CLANG_CXX_LANGUAGE_STANDARD = "gnu++0x";
				CLANG_CXX_LIBRARY = "libc++";
				CLANG_ENABLE_MODULES = YES;
				CLANG_ENABLE_OBJC_ARC = YES;
				CLANG_WARN_BOOL_CONVERSION = YES;
				CLANG_WARN_CONSTANT_CONVERSION = YES;
				CLANG_WARN_DIRECT_OBJC_ISA_USAGE = YES_ERROR;
				CLANG_WARN_EMPTY_BODY = YES;
				CLANG_WARN_ENUM_CONVERSION = YES;
				CLANG_WARN_INT_CONVERSION = YES;
				CLANG_WARN_OBJC_ROOT_CLASS = YES_ERROR;
				CLANG_WARN_UNREACHABLE_CODE = YES;
				CLANG_WARN__DUPLICATE_METHOD_MATCH = YES;
				"CODE_SIGN_IDENTITY[sdk=iphoneos*]" = "iPhone Developer";
				COPY_PHASE_STRIP = NO;
				DEBUG_INFORMATION_FORMAT = "dwarf-with-dsym";
				ENABLE_STRICT_OBJC_MSGSEND = YES;
				GCC_C_LANGUAGE_STANDARD = gnu99;
				GCC_DYNAMIC_NO_PIC = NO;
				GCC_NO_COMMON_BLOCKS = YES;
				GCC_OPTIMIZATION_LEVEL = 0;
				GCC_PREPROCESSOR_DEFINITIONS = (
					"DEBUG=1",
					"$(inherited)",
				);
				GCC_SYMBOLS_PRIVATE_EXTERN = NO;
				GCC_WARN_64_TO_32_BIT_CONVERSION = YES;
				GCC_WARN_ABOUT_RETURN_TYPE = YES_ERROR;
				GCC_WARN_UNDECLARED_SELECTOR = YES;
				GCC_WARN_UNINITIALIZED_AUTOS = YES_AGGRESSIVE;
				GCC_WARN_UNUSED_FUNCTION = YES;
				GCC_WARN_UNUSED_VARIABLE = YES;
				IPHONEOS_DEPLOYMENT_TARGET = 8.3;
				MTL_ENABLE_DEBUG_INFO = YES;
				ONLY_ACTIVE_ARCH = YES;
				SDKROOT = iphoneos;
				SWIFT_OPTIMIZATION_LEVEL = "-Onone";
			};
			name = Debug;
		};
		074B8D101B0C1FD600846338 /* Release */ = {
			isa = XCBuildConfiguration;
			buildSettings = {
				ALWAYS_SEARCH_USER_PATHS = NO;
				CLANG_CXX_LANGUAGE_STANDARD = "gnu++0x";
				CLANG_CXX_LIBRARY = "libc++";
				CLANG_ENABLE_MODULES = YES;
				CLANG_ENABLE_OBJC_ARC = YES;
				CLANG_WARN_BOOL_CONVERSION = YES;
				CLANG_WARN_CONSTANT_CONVERSION = YES;
				CLANG_WARN_DIRECT_OBJC_ISA_USAGE = YES_ERROR;
				CLANG_WARN_EMPTY_BODY = YES;
				CLANG_WARN_ENUM_CONVERSION = YES;
				CLANG_WARN_INT_CONVERSION = YES;
				CLANG_WARN_OBJC_ROOT_CLASS = YES_ERROR;
				CLANG_WARN_UNREACHABLE_CODE = YES;
				CLANG_WARN__DUPLICATE_METHOD_MATCH = YES;
				"CODE_SIGN_IDENTITY[sdk=iphoneos*]" = "iPhone Developer";
				COPY_PHASE_STRIP = NO;
				DEBUG_INFORMATION_FORMAT = "dwarf-with-dsym";
				ENABLE_NS_ASSERTIONS = NO;
				ENABLE_STRICT_OBJC_MSGSEND = YES;
				GCC_C_LANGUAGE_STANDARD = gnu99;
				GCC_NO_COMMON_BLOCKS = YES;
				GCC_WARN_64_TO_32_BIT_CONVERSION = YES;
				GCC_WARN_ABOUT_RETURN_TYPE = YES_ERROR;
				GCC_WARN_UNDECLARED_SELECTOR = YES;
				GCC_WARN_UNINITIALIZED_AUTOS = YES_AGGRESSIVE;
				GCC_WARN_UNUSED_FUNCTION = YES;
				GCC_WARN_UNUSED_VARIABLE = YES;
				IPHONEOS_DEPLOYMENT_TARGET = 8.3;
				MTL_ENABLE_DEBUG_INFO = NO;
				SDKROOT = iphoneos;
				VALIDATE_PRODUCT = YES;
			};
			name = Release;
		};
		074B8D121B0C1FD600846338 /* Debug */ = {
			isa = XCBuildConfiguration;
			baseConfigurationReference = 56F8B5FC770ACEB8308A27B2 /* Pods-Twitter.debug.xcconfig */;
			buildSettings = {
				ASSETCATALOG_COMPILER_APPICON_NAME = AppIcon;
				CLANG_ENABLE_MODULES = YES;
				INFOPLIST_FILE = Twitter/Info.plist;
				LD_RUNPATH_SEARCH_PATHS = "$(inherited) @executable_path/Frameworks";
				PRODUCT_NAME = "$(TARGET_NAME)";
				SWIFT_OBJC_BRIDGING_HEADER = "Twitter/Twitter-Bridging-Header.h";
				SWIFT_OPTIMIZATION_LEVEL = "-Onone";
			};
			name = Debug;
		};
		074B8D131B0C1FD600846338 /* Release */ = {
			isa = XCBuildConfiguration;
			baseConfigurationReference = F36FBEE0AF494E1FB558F677 /* Pods-Twitter.release.xcconfig */;
			buildSettings = {
				ASSETCATALOG_COMPILER_APPICON_NAME = AppIcon;
				CLANG_ENABLE_MODULES = YES;
				INFOPLIST_FILE = Twitter/Info.plist;
				LD_RUNPATH_SEARCH_PATHS = "$(inherited) @executable_path/Frameworks";
				PRODUCT_NAME = "$(TARGET_NAME)";
				SWIFT_OBJC_BRIDGING_HEADER = "Twitter/Twitter-Bridging-Header.h";
			};
			name = Release;
		};
		074B8D151B0C1FD600846338 /* Debug */ = {
			isa = XCBuildConfiguration;
			buildSettings = {
				BUNDLE_LOADER = "$(TEST_HOST)";
				FRAMEWORK_SEARCH_PATHS = (
					"$(SDKROOT)/Developer/Library/Frameworks",
					"$(inherited)",
				);
				GCC_PREPROCESSOR_DEFINITIONS = (
					"DEBUG=1",
					"$(inherited)",
				);
				INFOPLIST_FILE = TwitterTests/Info.plist;
				LD_RUNPATH_SEARCH_PATHS = "$(inherited) @executable_path/Frameworks @loader_path/Frameworks";
				PRODUCT_NAME = "$(TARGET_NAME)";
				TEST_HOST = "$(BUILT_PRODUCTS_DIR)/Twitter.app/Twitter";
			};
			name = Debug;
		};
		074B8D161B0C1FD600846338 /* Release */ = {
			isa = XCBuildConfiguration;
			buildSettings = {
				BUNDLE_LOADER = "$(TEST_HOST)";
				FRAMEWORK_SEARCH_PATHS = (
					"$(SDKROOT)/Developer/Library/Frameworks",
					"$(inherited)",
				);
				INFOPLIST_FILE = TwitterTests/Info.plist;
				LD_RUNPATH_SEARCH_PATHS = "$(inherited) @executable_path/Frameworks @loader_path/Frameworks";
				PRODUCT_NAME = "$(TARGET_NAME)";
				TEST_HOST = "$(BUILT_PRODUCTS_DIR)/Twitter.app/Twitter";
			};
			name = Release;
		};
/* End XCBuildConfiguration section */

/* Begin XCConfigurationList section */
		074B8CED1B0C1FD600846338 /* Build configuration list for PBXProject "Twitter" */ = {
			isa = XCConfigurationList;
			buildConfigurations = (
				074B8D0F1B0C1FD600846338 /* Debug */,
				074B8D101B0C1FD600846338 /* Release */,
			);
			defaultConfigurationIsVisible = 0;
			defaultConfigurationName = Release;
		};
		074B8D111B0C1FD600846338 /* Build configuration list for PBXNativeTarget "Twitter" */ = {
			isa = XCConfigurationList;
			buildConfigurations = (
				074B8D121B0C1FD600846338 /* Debug */,
				074B8D131B0C1FD600846338 /* Release */,
			);
			defaultConfigurationIsVisible = 0;
			defaultConfigurationName = Release;
		};
		074B8D141B0C1FD600846338 /* Build configuration list for PBXNativeTarget "TwitterTests" */ = {
			isa = XCConfigurationList;
			buildConfigurations = (
				074B8D151B0C1FD600846338 /* Debug */,
				074B8D161B0C1FD600846338 /* Release */,
			);
			defaultConfigurationIsVisible = 0;
			defaultConfigurationName = Release;
		};
/* End XCConfigurationList section */
	};
	rootObject = 074B8CEA1B0C1FD600846338 /* Project object */;
}
